// !$*UTF8*$!
{
	archiveVersion = 1;
	classes = {
	};
	objectVersion = 50;
	objects = {

/* Begin PBXBuildFile section */
		DCAB0629249930F10033AB26 /* AppDelegate.swift in Sources */ = {isa = PBXBuildFile; fileRef = DCAB0628249930F10033AB26 /* AppDelegate.swift */; };
		DCAB062B249930F10033AB26 /* SceneDelegate.swift in Sources */ = {isa = PBXBuildFile; fileRef = DCAB062A249930F10033AB26 /* SceneDelegate.swift */; };
		DCAB0630249930F10033AB26 /* Main.storyboard in Resources */ = {isa = PBXBuildFile; fileRef = DCAB062E249930F10033AB26 /* Main.storyboard */; };
		DCAB0633249930F10033AB26 /* ArticleTestApp.xcdatamodeld in Sources */ = {isa = PBXBuildFile; fileRef = DCAB0631249930F10033AB26 /* ArticleTestApp.xcdatamodeld */; };
		DCAB0635249930F20033AB26 /* Assets.xcassets in Resources */ = {isa = PBXBuildFile; fileRef = DCAB0634249930F20033AB26 /* Assets.xcassets */; };
		DCAB0638249930F20033AB26 /* LaunchScreen.storyboard in Resources */ = {isa = PBXBuildFile; fileRef = DCAB0636249930F20033AB26 /* LaunchScreen.storyboard */; };
		DCAB0643249931880033AB26 /* ArticleListViewModel.swift in Sources */ = {isa = PBXBuildFile; fileRef = DCAB063F249931880033AB26 /* ArticleListViewModel.swift */; };
		DCAB0644249931880033AB26 /* Articles.swift in Sources */ = {isa = PBXBuildFile; fileRef = DCAB0640249931880033AB26 /* Articles.swift */; };
		DCAB0645249931880033AB26 /* ArticleListCell.swift in Sources */ = {isa = PBXBuildFile; fileRef = DCAB0641249931880033AB26 /* ArticleListCell.swift */; };
		DCAB0646249931880033AB26 /* ArticleViewController.swift in Sources */ = {isa = PBXBuildFile; fileRef = DCAB0642249931880033AB26 /* ArticleViewController.swift */; };
		DCAB064C2499368D0033AB26 /* APIManager.swift in Sources */ = {isa = PBXBuildFile; fileRef = DCAB064B2499368D0033AB26 /* APIManager.swift */; };
/* End PBXBuildFile section */

/* Begin PBXFileReference section */
		DCAB0625249930F10033AB26 /* ArticleTestApp.app */ = {isa = PBXFileReference; explicitFileType = wrapper.application; includeInIndex = 0; path = ArticleTestApp.app; sourceTree = BUILT_PRODUCTS_DIR; };
		DCAB0628249930F10033AB26 /* AppDelegate.swift */ = {isa = PBXFileReference; lastKnownFileType = sourcecode.swift; path = AppDelegate.swift; sourceTree = "<group>"; };
		DCAB062A249930F10033AB26 /* SceneDelegate.swift */ = {isa = PBXFileReference; lastKnownFileType = sourcecode.swift; path = SceneDelegate.swift; sourceTree = "<group>"; };
		DCAB062F249930F10033AB26 /* Base */ = {isa = PBXFileReference; lastKnownFileType = file.storyboard; name = Base; path = Base.lproj/Main.storyboard; sourceTree = "<group>"; };
		DCAB0632249930F10033AB26 /* ArticleTestApp.xcdatamodel */ = {isa = PBXFileReference; lastKnownFileType = wrapper.xcdatamodel; path = ArticleTestApp.xcdatamodel; sourceTree = "<group>"; };
		DCAB0634249930F20033AB26 /* Assets.xcassets */ = {isa = PBXFileReference; lastKnownFileType = folder.assetcatalog; path = Assets.xcassets; sourceTree = "<group>"; };
		DCAB0637249930F20033AB26 /* Base */ = {isa = PBXFileReference; lastKnownFileType = file.storyboard; name = Base; path = Base.lproj/LaunchScreen.storyboard; sourceTree = "<group>"; };
		DCAB0639249930F20033AB26 /* Info.plist */ = {isa = PBXFileReference; lastKnownFileType = text.plist.xml; path = Info.plist; sourceTree = "<group>"; };
		DCAB063F249931880033AB26 /* ArticleListViewModel.swift */ = {isa = PBXFileReference; fileEncoding = 4; lastKnownFileType = sourcecode.swift; path = ArticleListViewModel.swift; sourceTree = "<group>"; };
		DCAB0640249931880033AB26 /* Articles.swift */ = {isa = PBXFileReference; fileEncoding = 4; lastKnownFileType = sourcecode.swift; path = Articles.swift; sourceTree = "<group>"; };
		DCAB0641249931880033AB26 /* ArticleListCell.swift */ = {isa = PBXFileReference; fileEncoding = 4; lastKnownFileType = sourcecode.swift; path = ArticleListCell.swift; sourceTree = "<group>"; };
		DCAB0642249931880033AB26 /* ArticleViewController.swift */ = {isa = PBXFileReference; fileEncoding = 4; lastKnownFileType = sourcecode.swift; path = ArticleViewController.swift; sourceTree = "<group>"; };
		DCAB064B2499368D0033AB26 /* APIManager.swift */ = {isa = PBXFileReference; fileEncoding = 4; lastKnownFileType = sourcecode.swift; path = APIManager.swift; sourceTree = "<group>"; };
/* End PBXFileReference section */

/* Begin PBXFrameworksBuildPhase section */
		DCAB0622249930F10033AB26 /* Frameworks */ = {
			isa = PBXFrameworksBuildPhase;
			buildActionMask = 2147483647;
			files = (
			);
			runOnlyForDeploymentPostprocessing = 0;
		};
/* End PBXFrameworksBuildPhase section */

/* Begin PBXGroup section */
		DCAB061C249930F10033AB26 = {
			isa = PBXGroup;
			children = (
				DCAB0627249930F10033AB26 /* ArticleTestApp */,
				DCAB0626249930F10033AB26 /* Products */,
			);
			sourceTree = "<group>";
		};
		DCAB0626249930F10033AB26 /* Products */ = {
			isa = PBXGroup;
			children = (
				DCAB0625249930F10033AB26 /* ArticleTestApp.app */,
			);
			name = Products;
			sourceTree = "<group>";
		};
		DCAB0627249930F10033AB26 /* ArticleTestApp */ = {
			isa = PBXGroup;
			children = (
				DCAB064B2499368D0033AB26 /* APIManager.swift */,
				DCAB0647249935520033AB26 /* ArticleList */,
				DCAB0628249930F10033AB26 /* AppDelegate.swift */,
				DCAB062A249930F10033AB26 /* SceneDelegate.swift */,
				DCAB062E249930F10033AB26 /* Main.storyboard */,
				DCAB0634249930F20033AB26 /* Assets.xcassets */,
				DCAB0636249930F20033AB26 /* LaunchScreen.storyboard */,
				DCAB0639249930F20033AB26 /* Info.plist */,
				DCAB0631249930F10033AB26 /* ArticleTestApp.xcdatamodeld */,
			);
			path = ArticleTestApp;
			sourceTree = "<group>";
		};
		DCAB0647249935520033AB26 /* ArticleList */ = {
			isa = PBXGroup;
			children = (
				DCAB0642249931880033AB26 /* ArticleViewController.swift */,
				DCAB064A2499358D0033AB26 /* TableCell */,
				DCAB06482499357B0033AB26 /* ViewModel */,
				DCAB0649249935850033AB26 /* Model */,
			);
			path = ArticleList;
			sourceTree = "<group>";
		};
		DCAB06482499357B0033AB26 /* ViewModel */ = {
			isa = PBXGroup;
			children = (
				DCAB063F249931880033AB26 /* ArticleListViewModel.swift */,
			);
			path = ViewModel;
			sourceTree = "<group>";
		};
		DCAB0649249935850033AB26 /* Model */ = {
			isa = PBXGroup;
			children = (
				DCAB0640249931880033AB26 /* Articles.swift */,
			);
			path = Model;
			sourceTree = "<group>";
		};
		DCAB064A2499358D0033AB26 /* TableCell */ = {
			isa = PBXGroup;
			children = (
				DCAB0641249931880033AB26 /* ArticleListCell.swift */,
			);
			path = TableCell;
			sourceTree = "<group>";
		};
/* End PBXGroup section */

/* Begin PBXNativeTarget section */
		DCAB0624249930F10033AB26 /* ArticleTestApp */ = {
			isa = PBXNativeTarget;
			buildConfigurationList = DCAB063C249930F20033AB26 /* Build configuration list for PBXNativeTarget "ArticleTestApp" */;
			buildPhases = (
				DCAB0621249930F10033AB26 /* Sources */,
				DCAB0622249930F10033AB26 /* Frameworks */,
				DCAB0623249930F10033AB26 /* Resources */,
			);
			buildRules = (
			);
			dependencies = (
			);
			name = ArticleTestApp;
			productName = ArticleTestApp;
			productReference = DCAB0625249930F10033AB26 /* ArticleTestApp.app */;
			productType = "com.apple.product-type.application";
		};
/* End PBXNativeTarget section */

/* Begin PBXProject section */
		DCAB061D249930F10033AB26 /* Project object */ = {
			isa = PBXProject;
			attributes = {
				LastSwiftUpdateCheck = 1130;
				LastUpgradeCheck = 1130;
				ORGANIZATIONNAME = Surjeet;
				TargetAttributes = {
					DCAB0624249930F10033AB26 = {
						CreatedOnToolsVersion = 11.3;
					};
				};
			};
			buildConfigurationList = DCAB0620249930F10033AB26 /* Build configuration list for PBXProject "ArticleTestApp" */;
			compatibilityVersion = "Xcode 9.3";
			developmentRegion = en;
			hasScannedForEncodings = 0;
			knownRegions = (
				en,
				Base,
			);
			mainGroup = DCAB061C249930F10033AB26;
			productRefGroup = DCAB0626249930F10033AB26 /* Products */;
			projectDirPath = "";
			projectRoot = "";
			targets = (
				DCAB0624249930F10033AB26 /* ArticleTestApp */,
			);
		};
/* End PBXProject section */

/* Begin PBXResourcesBuildPhase section */
		DCAB0623249930F10033AB26 /* Resources */ = {
			isa = PBXResourcesBuildPhase;
			buildActionMask = 2147483647;
			files = (
				DCAB0638249930F20033AB26 /* LaunchScreen.storyboard in Resources */,
				DCAB0635249930F20033AB26 /* Assets.xcassets in Resources */,
				DCAB0630249930F10033AB26 /* Main.storyboard in Resources */,
			);
			runOnlyForDeploymentPostprocessing = 0;
		};
/* End PBXResourcesBuildPhase section */

/* Begin PBXSourcesBuildPhase section */
		DCAB0621249930F10033AB26 /* Sources */ = {
			isa = PBXSourcesBuildPhase;
			buildActionMask = 2147483647;
			files = (
				DCAB064C2499368D0033AB26 /* APIManager.swift in Sources */,
				DCAB0633249930F10033AB26 /* ArticleTestApp.xcdatamodeld in Sources */,
				DCAB0646249931880033AB26 /* ArticleViewController.swift in Sources */,
				DCAB0629249930F10033AB26 /* AppDelegate.swift in Sources */,
				DCAB0645249931880033AB26 /* ArticleListCell.swift in Sources */,
				DCAB062B249930F10033AB26 /* SceneDelegate.swift in Sources */,
				DCAB0644249931880033AB26 /* Articles.swift in Sources */,
				DCAB0643249931880033AB26 /* ArticleListViewModel.swift in Sources */,
			);
			runOnlyForDeploymentPostprocessing = 0;
		};
/* End PBXSourcesBuildPhase section */

/* Begin PBXVariantGroup section */
		DCAB062E249930F10033AB26 /* Main.storyboard */ = {
			isa = PBXVariantGroup;
			children = (
				DCAB062F249930F10033AB26 /* Base */,
			);
			name = Main.storyboard;
			sourceTree = "<group>";
		};
		DCAB0636249930F20033AB26 /* LaunchScreen.storyboard */ = {
			isa = PBXVariantGroup;
			children = (
				DCAB0637249930F20033AB26 /* Base */,
			);
			name = LaunchScreen.storyboard;
			sourceTree = "<group>";
		};
/* End PBXVariantGroup section */

/* Begin XCBuildConfiguration section */
		DCAB063A249930F20033AB26 /* Debug */ = {
			isa = XCBuildConfiguration;
			buildSettings = {
				ALWAYS_SEARCH_USER_PATHS = NO;
				CLANG_ANALYZER_NONNULL = YES;
				CLANG_ANALYZER_NUMBER_OBJECT_CONVERSION = YES_AGGRESSIVE;
				CLANG_CXX_LANGUAGE_STANDARD = "gnu++14";
				CLANG_CXX_LIBRARY = "libc++";
				CLANG_ENABLE_MODULES = YES;
				CLANG_ENABLE_OBJC_ARC = YES;
				CLANG_ENABLE_OBJC_WEAK = YES;
				CLANG_WARN_BLOCK_CAPTURE_AUTORELEASING = YES;
				CLANG_WARN_BOOL_CONVERSION = YES;
				CLANG_WARN_COMMA = YES;
				CLANG_WARN_CONSTANT_CONVERSION = YES;
				CLANG_WARN_DEPRECATED_OBJC_IMPLEMENTATIONS = YES;
				CLANG_WARN_DIRECT_OBJC_ISA_USAGE = YES_ERROR;
				CLANG_WARN_DOCUMENTATION_COMMENTS = YES;
				CLANG_WARN_EMPTY_BODY = YES;
				CLANG_WARN_ENUM_CONVERSION = YES;
				CLANG_WARN_INFINITE_RECURSION = YES;
				CLANG_WARN_INT_CONVERSION = YES;
				CLANG_WARN_NON_LITERAL_NULL_CONVERSION = YES;
				CLANG_WARN_OBJC_IMPLICIT_RETAIN_SELF = YES;
				CLANG_WARN_OBJC_LITERAL_CONVERSION = YES;
				CLANG_WARN_OBJC_ROOT_CLASS = YES_ERROR;
				CLANG_WARN_RANGE_LOOP_ANALYSIS = YES;
				CLANG_WARN_STRICT_PROTOTYPES = YES;
				CLANG_WARN_SUSPICIOUS_MOVE = YES;
				CLANG_WARN_UNGUARDED_AVAILABILITY = YES_AGGRESSIVE;
				CLANG_WARN_UNREACHABLE_CODE = YES;
				CLANG_WARN__DUPLICATE_METHOD_MATCH = YES;
				COPY_PHASE_STRIP = NO;
				DEBUG_INFORMATION_FORMAT = dwarf;
				ENABLE_STRICT_OBJC_MSGSEND = YES;
				ENABLE_TESTABILITY = YES;
				GCC_C_LANGUAGE_STANDARD = gnu11;
				GCC_DYNAMIC_NO_PIC = NO;
				GCC_NO_COMMON_BLOCKS = YES;
				GCC_OPTIMIZATION_LEVEL = 0;
				GCC_PREPROCESSOR_DEFINITIONS = (
					"DEBUG=1",
					"$(inherited)",
				);
				GCC_WARN_64_TO_32_BIT_CONVERSION = YES;
				GCC_WARN_ABOUT_RETURN_TYPE = YES_ERROR;
				GCC_WARN_UNDECLARED_SELECTOR = YES;
				GCC_WARN_UNINITIALIZED_AUTOS = YES_AGGRESSIVE;
				GCC_WARN_UNUSED_FUNCTION = YES;
				GCC_WARN_UNUSED_VARIABLE = YES;
				IPHONEOS_DEPLOYMENT_TARGET = 13.2;
				MTL_ENABLE_DEBUG_INFO = INCLUDE_SOURCE;
				MTL_FAST_MATH = YES;
				ONLY_ACTIVE_ARCH = YES;
				SDKROOT = iphoneos;
				SWIFT_ACTIVE_COMPILATION_CONDITIONS = DEBUG;
				SWIFT_OPTIMIZATION_LEVEL = "-Onone";
			};
			name = Debug;
		};
		DCAB063B249930F20033AB26 /* Release */ = {
			isa = XCBuildConfiguration;
			buildSettings = {
				ALWAYS_SEARCH_USER_PATHS = NO;
				CLANG_ANALYZER_NONNULL = YES;
				CLANG_ANALYZER_NUMBER_OBJECT_CONVERSION = YES_AGGRESSIVE;
				CLANG_CXX_LANGUAGE_STANDARD = "gnu++14";
				CLANG_CXX_LIBRARY = "libc++";
				CLANG_ENABLE_MODULES = YES;
				CLANG_ENABLE_OBJC_ARC = YES;
				CLANG_ENABLE_OBJC_WEAK = YES;
				CLANG_WARN_BLOCK_CAPTURE_AUTORELEASING = YES;
				CLANG_WARN_BOOL_CONVERSION = YES;
				CLANG_WARN_COMMA = YES;
				CLANG_WARN_CONSTANT_CONVERSION = YES;
				CLANG_WARN_DEPRECATED_OBJC_IMPLEMENTATIONS = YES;
				CLANG_WARN_DIRECT_OBJC_ISA_USAGE = YES_ERROR;
				CLANG_WARN_DOCUMENTATION_COMMENTS = YES;
				CLANG_WARN_EMPTY_BODY = YES;
				CLANG_WARN_ENUM_CONVERSION = YES;
				CLANG_WARN_INFINITE_RECURSION = YES;
				CLANG_WARN_INT_CONVERSION = YES;
				CLANG_WARN_NON_LITERAL_NULL_CONVERSION = YES;
				CLANG_WARN_OBJC_IMPLICIT_RETAIN_SELF = YES;
				CLANG_WARN_OBJC_LITERAL_CONVERSION = YES;
				CLANG_WARN_OBJC_ROOT_CLASS = YES_ERROR;
				CLANG_WARN_RANGE_LOOP_ANALYSIS = YES;
				CLANG_WARN_STRICT_PROTOTYPES = YES;
				CLANG_WARN_SUSPICIOUS_MOVE = YES;
				CLANG_WARN_UNGUARDED_AVAILABILITY = YES_AGGRESSIVE;
				CLANG_WARN_UNREACHABLE_CODE = YES;
				CLANG_WARN__DUPLICATE_METHOD_MATCH = YES;
				COPY_PHASE_STRIP = NO;
				DEBUG_INFORMATION_FORMAT = "dwarf-with-dsym";
				ENABLE_NS_ASSERTIONS = NO;
				ENABLE_STRICT_OBJC_MSGSEND = YES;
				GCC_C_LANGUAGE_STANDARD = gnu11;
				GCC_NO_COMMON_BLOCKS = YES;
				GCC_WARN_64_TO_32_BIT_CONVERSION = YES;
				GCC_WARN_ABOUT_RETURN_TYPE = YES_ERROR;
				GCC_WARN_UNDECLARED_SELECTOR = YES;
				GCC_WARN_UNINITIALIZED_AUTOS = YES_AGGRESSIVE;
				GCC_WARN_UNUSED_FUNCTION = YES;
				GCC_WARN_UNUSED_VARIABLE = YES;
				IPHONEOS_DEPLOYMENT_TARGET = 13.2;
				MTL_ENABLE_DEBUG_INFO = NO;
				MTL_FAST_MATH = YES;
				SDKROOT = iphoneos;
				SWIFT_COMPILATION_MODE = wholemodule;
				SWIFT_OPTIMIZATION_LEVEL = "-O";
				VALIDATE_PRODUCT = YES;
			};
			name = Release;
		};
		DCAB063D249930F20033AB26 /* Debug */ = {
			isa = XCBuildConfiguration;
			buildSettings = {
				ASSETCATALOG_COMPILER_APPICON_NAME = AppIcon;
				CODE_SIGN_STYLE = Automatic;
				INFOPLIST_FILE = ArticleTestApp/Info.plist;
				LD_RUNPATH_SEARCH_PATHS = (
					"$(inherited)",
					"@executable_path/Frameworks",
				);
				PRODUCT_BUNDLE_IDENTIFIER = com.ArticleTestApp;
				PRODUCT_NAME = "$(TARGET_NAME)";
				SWIFT_VERSION = 5.0;
				TARGETED_DEVICE_FAMILY = "1,2";
			};
			name = Debug;
		};
		DCAB063E249930F20033AB26 /* Release */ = {
			isa = XCBuildConfiguration;
			buildSettings = {
				ASSETCATALOG_COMPILER_APPICON_NAME = AppIcon;
				CODE_SIGN_STYLE = Automatic;
				INFOPLIST_FILE = ArticleTestApp/Info.plist;
				LD_RUNPATH_SEARCH_PATHS = (
					"$(inherited)",
					"@executable_path/Frameworks",
				);
				PRODUCT_BUNDLE_IDENTIFIER = com.ArticleTestApp;
				PRODUCT_NAME = "$(TARGET_NAME)";
				SWIFT_VERSION = 5.0;
				TARGETED_DEVICE_FAMILY = "1,2";
			};
			name = Release;
		};
/* End XCBuildConfiguration section */

/* Begin XCConfigurationList section */
		DCAB0620249930F10033AB26 /* Build configuration list for PBXProject "ArticleTestApp" */ = {
			isa = XCConfigurationList;
			buildConfigurations = (
				DCAB063A249930F20033AB26 /* Debug */,
				DCAB063B249930F20033AB26 /* Release */,
			);
			defaultConfigurationIsVisible = 0;
			defaultConfigurationName = Release;
		};
		DCAB063C249930F20033AB26 /* Build configuration list for PBXNativeTarget "ArticleTestApp" */ = {
			isa = XCConfigurationList;
			buildConfigurations = (
				DCAB063D249930F20033AB26 /* Debug */,
				DCAB063E249930F20033AB26 /* Release */,
			);
			defaultConfigurationIsVisible = 0;
			defaultConfigurationName = Release;
		};
/* End XCConfigurationList section */

/* Begin XCVersionGroup section */
		DCAB0631249930F10033AB26 /* ArticleTestApp.xcdatamodeld */ = {
			isa = XCVersionGroup;
			children = (
				DCAB0632249930F10033AB26 /* ArticleTestApp.xcdatamodel */,
			);
			currentVersion = DCAB0632249930F10033AB26 /* ArticleTestApp.xcdatamodel */;
			path = ArticleTestApp.xcdatamodeld;
			sourceTree = "<group>";
			versionGroupType = wrapper.xcdatamodel;
		};
/* End XCVersionGroup section */
	};
	rootObject = DCAB061D249930F10033AB26 /* Project object */;
}
